
Microsoft Visual Studio Solution File, Format Version 12.00
# Visual Studio Version 17
VisualStudioVersion = 17.0.31512.422
MinimumVisualStudioVersion = 10.0.40219.1
Project("{2150E333-8FDC-42A3-9474-1A3956D46DE8}") = "src", "src", "{95444261-4C82-421B-9193-28AD69851128}"
EndProject
Project("{9A19103F-16F7-4668-BE54-9A1E7A4F7556}") = "NAS_Photo_Synchroniser", "src\NAS_Photo_Synchroniser\NAS_Photo_Synchroniser.csproj", "{9FCB8A6D-984E-4023-AD9E-43D36A604938}"
EndProject
Global
	GlobalSection(SolutionConfigurationPlatforms) = preSolution
		Debug|Any CPU = Debug|Any CPU
		Release|Any CPU = Release|Any CPU
	EndGlobalSection
	GlobalSection(ProjectConfigurationPlatforms) = postSolution
		{9FCB8A6D-984E-4023-AD9E-43D36A604938}.Debug|Any CPU.ActiveCfg = Debug|Any CPU
		{9FCB8A6D-984E-4023-AD9E-43D36A604938}.Debug|Any CPU.Build.0 = Debug|Any CPU
		{9FCB8A6D-984E-4023-AD9E-43D36A604938}.Release|Any CPU.ActiveCfg = Release|Any CPU
		{9FCB8A6D-984E-4023-AD9E-43D36A604938}.Release|Any CPU.Build.0 = Release|Any CPU
	EndGlobalSection
	GlobalSection(SolutionProperties) = preSolution
		HideSolutionNode = FALSE
	EndGlobalSection
	GlobalSection(NestedProjects) = preSolution
		{9FCB8A6D-984E-4023-AD9E-43D36A604938} = {95444261-4C82-421B-9193-28AD69851128}
	EndGlobalSection
	GlobalSection(ExtensibilityGlobals) = postSolution
		SolutionGuid = {5E98C789-21E7-4907-A0FA-B4B0A04BE7DC}
	EndGlobalSection
EndGlobal
